// !$*UTF8*$!
{
	archiveVersion = 1;
	classes = {
	};
	objectVersion = 56;
	objects = {

/* Begin PBXBuildFile section */
		7C27495D2B6F5C5500DD808E /* UserDefaultsStorage.swift in Sources */ = {isa = PBXBuildFile; fileRef = 7C27495C2B6F5C5500DD808E /* UserDefaultsStorage.swift */; };
		7C27495F2B6F5CA800DD808E /* UserDefaultsStorageProtocol.swift in Sources */ = {isa = PBXBuildFile; fileRef = 7C27495E2B6F5CA800DD808E /* UserDefaultsStorageProtocol.swift */; };
		7C3062A92B4F12C0007516ED /* TrackerModel.swift in Sources */ = {isa = PBXBuildFile; fileRef = 7C3062A82B4F12C0007516ED /* TrackerModel.swift */; };
		7C3062AB2B4F1489007516ED /* TrackerCategory.swift in Sources */ = {isa = PBXBuildFile; fileRef = 7C3062AA2B4F1489007516ED /* TrackerCategory.swift */; };
		7C3062B02B4F162D007516ED /* TrackerRecord.swift in Sources */ = {isa = PBXBuildFile; fileRef = 7C3062AF2B4F162D007516ED /* TrackerRecord.swift */; };
		7C3062B22B50308B007516ED /* TrackerCollectionViewCell.swift in Sources */ = {isa = PBXBuildFile; fileRef = 7C3062B12B50308B007516ED /* TrackerCollectionViewCell.swift */; };
		7C3062B72B5038BF007516ED /* TrackerHeaderView.swift in Sources */ = {isa = PBXBuildFile; fileRef = 7C3062B62B5038BF007516ED /* TrackerHeaderView.swift */; };
		7C3062BB2B503C2A007516ED /* String+Extensions.swift in Sources */ = {isa = PBXBuildFile; fileRef = 7C3062BA2B503C2A007516ED /* String+Extensions.swift */; };
		7C6E60212B4E96C1008A6011 /* UIFonts+Extentions.swift in Sources */ = {isa = PBXBuildFile; fileRef = 7C6E60202B4E96C1008A6011 /* UIFonts+Extentions.swift */; };
		7C95DD372B74A30400787681 /* TrackerStore.swift in Sources */ = {isa = PBXBuildFile; fileRef = 7C95DD362B74A30400787681 /* TrackerStore.swift */; };
		7C95DD3A2B74A35300787681 /* TrackerCategoryStore.swift in Sources */ = {isa = PBXBuildFile; fileRef = 7C95DD392B74A35300787681 /* TrackerCategoryStore.swift */; };
		7C95DD3C2B74A37900787681 /* TrackerRecordStore.swift in Sources */ = {isa = PBXBuildFile; fileRef = 7C95DD3B2B74A37900787681 /* TrackerRecordStore.swift */; };
		7C95DD3E2B74A40000787681 /* UIColorMarshalling.swift in Sources */ = {isa = PBXBuildFile; fileRef = 7C95DD3D2B74A40000787681 /* UIColorMarshalling.swift */; };
		7C95DD412B74A57C00787681 /* CoreData Errors.swift in Sources */ = {isa = PBXBuildFile; fileRef = 7C95DD402B74A57C00787681 /* CoreData Errors.swift */; };
		7C95DD612B768B5E00787681 /* TrackersCategoryStoreUpdate.swift in Sources */ = {isa = PBXBuildFile; fileRef = 7C95DD602B768B5E00787681 /* TrackersCategoryStoreUpdate.swift */; };
		7C95DD8A2B7CE69F00787681 /* ArrayMarshalling.swift in Sources */ = {isa = PBXBuildFile; fileRef = 7C95DD892B7CE69F00787681 /* ArrayMarshalling.swift */; };
		7C95DE0D2B860C6A00787681 /* OnboardingPageViewController.swift in Sources */ = {isa = PBXBuildFile; fileRef = 7C95DE0C2B860C6A00787681 /* OnboardingPageViewController.swift */; };
		7C95DE102B860C9A00787681 /* OnboardingPageViewControllerDelegate.swift in Sources */ = {isa = PBXBuildFile; fileRef = 7C95DE0F2B860C9A00787681 /* OnboardingPageViewControllerDelegate.swift */; };
		7C95DE122B860D3100787681 /* OnboardingViewController.swift in Sources */ = {isa = PBXBuildFile; fileRef = 7C95DE112B860D3100787681 /* OnboardingViewController.swift */; };
		7CA9971A2B5973EA003849F8 /* EventTypeViewController.swift in Sources */ = {isa = PBXBuildFile; fileRef = 7CA997192B5973EA003849F8 /* EventTypeViewController.swift */; };
		7CA9971E2B5A59ED003849F8 /* TypeEvents.swift in Sources */ = {isa = PBXBuildFile; fileRef = 7CA9971D2B5A59ED003849F8 /* TypeEvents.swift */; };
		7CA997402B5ABB27003849F8 /* EmojiCollectionViewCell.swift in Sources */ = {isa = PBXBuildFile; fileRef = 7CA9973F2B5ABB27003849F8 /* EmojiCollectionViewCell.swift */; };
		7CA997422B5AC7F2003849F8 /* ColorsCollectionViewCell.swift in Sources */ = {isa = PBXBuildFile; fileRef = 7CA997412B5AC7F2003849F8 /* ColorsCollectionViewCell.swift */; };
		7CA997442B5F9E67003849F8 /* GeometricParamsCollectionView.swift in Sources */ = {isa = PBXBuildFile; fileRef = 7CA997432B5F9E67003849F8 /* GeometricParamsCollectionView.swift */; };
		7CA997662B5FE9F2003849F8 /* TrackerCollectionViewCellDelegate.swift in Sources */ = {isa = PBXBuildFile; fileRef = 7CA997652B5FE9F2003849F8 /* TrackerCollectionViewCellDelegate.swift */; };
		7CF780942B67D6B3006F68A1 /* UIDatePicker+Extension.swift in Sources */ = {isa = PBXBuildFile; fileRef = 7CF780932B67D6B3006F68A1 /* UIDatePicker+Extension.swift */; };
		7CF780B62B6A94A1006F68A1 /* TrackersCategoriesViewController.swift in Sources */ = {isa = PBXBuildFile; fileRef = 7CF780B52B6A94A1006F68A1 /* TrackersCategoriesViewController.swift */; };
		7CF780B82B6A9521006F68A1 /* Router.swift in Sources */ = {isa = PBXBuildFile; fileRef = 7CF780B72B6A9521006F68A1 /* Router.swift */; };
		7CF780BA2B6A972A006F68A1 /* RouterProtocol.swift in Sources */ = {isa = PBXBuildFile; fileRef = 7CF780B92B6A972A006F68A1 /* RouterProtocol.swift */; };
		7CF780BD2B6B7FE9006F68A1 /* CategoriesTypeTableViewCell.swift in Sources */ = {isa = PBXBuildFile; fileRef = 7CF780BC2B6B7FE9006F68A1 /* CategoriesTypeTableViewCell.swift */; };
		7CF780BF2B6B90D9006F68A1 /* NewTrackerViewControllerDelegate.swift in Sources */ = {isa = PBXBuildFile; fileRef = 7CF780BE2B6B90D9006F68A1 /* NewTrackerViewControllerDelegate.swift */; };
		841C34042B6E874600B2F890 /* NewTrackerViewCell.swift in Sources */ = {isa = PBXBuildFile; fileRef = 841C34022B6E874600B2F890 /* NewTrackerViewCell.swift */; };
		841C34052B6E874600B2F890 /* NewTrackerViewController.swift in Sources */ = {isa = PBXBuildFile; fileRef = 841C34032B6E874600B2F890 /* NewTrackerViewController.swift */; };
		846CD2FE2B66827F005B9724 /* WeekDays.swift in Sources */ = {isa = PBXBuildFile; fileRef = 846CD2FD2B66827F005B9724 /* WeekDays.swift */; };
		846CD3002B6682B6005B9724 /* TimeSheetViewController.swift in Sources */ = {isa = PBXBuildFile; fileRef = 846CD2FF2B6682B6005B9724 /* TimeSheetViewController.swift */; };
		846CD3032B66835F005B9724 /* TimeSheetTableViewCell.swift in Sources */ = {isa = PBXBuildFile; fileRef = 846CD3022B66835F005B9724 /* TimeSheetTableViewCell.swift */; };
		846CD3052B6683A6005B9724 /* TimeSheetCellDelegate.swift in Sources */ = {isa = PBXBuildFile; fileRef = 846CD3042B6683A6005B9724 /* TimeSheetCellDelegate.swift */; };
		846CD3072B668BBC005B9724 /* TrackersViewControllerDelegate.swift in Sources */ = {isa = PBXBuildFile; fileRef = 846CD3062B668BBC005B9724 /* TrackersViewControllerDelegate.swift */; };
		84CC80382B7254BD0075F606 /* TrackerCoreDataModel.xcdatamodeld in Sources */ = {isa = PBXBuildFile; fileRef = 84CC80362B7254BD0075F606 /* TrackerCoreDataModel.xcdatamodeld */; };
		84CF9EDD2B4DA568006FD446 /* AppDelegate.swift in Sources */ = {isa = PBXBuildFile; fileRef = 84CF9EDC2B4DA568006FD446 /* AppDelegate.swift */; };
		84CF9EDF2B4DA568006FD446 /* SceneDelegate.swift in Sources */ = {isa = PBXBuildFile; fileRef = 84CF9EDE2B4DA568006FD446 /* SceneDelegate.swift */; };
		84CF9EE12B4DA568006FD446 /* TabBarController.swift in Sources */ = {isa = PBXBuildFile; fileRef = 84CF9EE02B4DA568006FD446 /* TabBarController.swift */; };
		84CF9EE62B4DA56A006FD446 /* Assets.xcassets in Resources */ = {isa = PBXBuildFile; fileRef = 84CF9EE52B4DA56A006FD446 /* Assets.xcassets */; };
		84CF9EE92B4DA56A006FD446 /* LaunchScreen.storyboard in Resources */ = {isa = PBXBuildFile; fileRef = 84CF9EE72B4DA56A006FD446 /* LaunchScreen.storyboard */; };
		84CF9EF12B4DAD6D006FD446 /* UIColors+Extensions.swift in Sources */ = {isa = PBXBuildFile; fileRef = 84CF9EF02B4DAD6D006FD446 /* UIColors+Extensions.swift */; };
		84CF9EF82B4DB6C4006FD446 /* TrackersViewController.swift in Sources */ = {isa = PBXBuildFile; fileRef = 84CF9EF72B4DB6C4006FD446 /* TrackersViewController.swift */; };
		84CF9EFA2B4DB6EE006FD446 /* StatisticsViewController.swift in Sources */ = {isa = PBXBuildFile; fileRef = 84CF9EF92B4DB6EE006FD446 /* StatisticsViewController.swift */; };
/* End PBXBuildFile section */

/* Begin PBXFileReference section */
		7C27495C2B6F5C5500DD808E /* UserDefaultsStorage.swift */ = {isa = PBXFileReference; lastKnownFileType = sourcecode.swift; path = UserDefaultsStorage.swift; sourceTree = "<group>"; };
		7C27495E2B6F5CA800DD808E /* UserDefaultsStorageProtocol.swift */ = {isa = PBXFileReference; lastKnownFileType = sourcecode.swift; path = UserDefaultsStorageProtocol.swift; sourceTree = "<group>"; };
		7C3062A82B4F12C0007516ED /* TrackerModel.swift */ = {isa = PBXFileReference; lastKnownFileType = sourcecode.swift; path = TrackerModel.swift; sourceTree = "<group>"; };
		7C3062AA2B4F1489007516ED /* TrackerCategory.swift */ = {isa = PBXFileReference; lastKnownFileType = sourcecode.swift; path = TrackerCategory.swift; sourceTree = "<group>"; };
		7C3062AF2B4F162D007516ED /* TrackerRecord.swift */ = {isa = PBXFileReference; lastKnownFileType = sourcecode.swift; path = TrackerRecord.swift; sourceTree = "<group>"; };
		7C3062B12B50308B007516ED /* TrackerCollectionViewCell.swift */ = {isa = PBXFileReference; lastKnownFileType = sourcecode.swift; path = TrackerCollectionViewCell.swift; sourceTree = "<group>"; };
		7C3062B62B5038BF007516ED /* TrackerHeaderView.swift */ = {isa = PBXFileReference; lastKnownFileType = sourcecode.swift; path = TrackerHeaderView.swift; sourceTree = "<group>"; };
		7C3062BA2B503C2A007516ED /* String+Extensions.swift */ = {isa = PBXFileReference; lastKnownFileType = sourcecode.swift; path = "String+Extensions.swift"; sourceTree = "<group>"; };
		7C6E60202B4E96C1008A6011 /* UIFonts+Extentions.swift */ = {isa = PBXFileReference; lastKnownFileType = sourcecode.swift; path = "UIFonts+Extentions.swift"; sourceTree = "<group>"; };
		7C95DD362B74A30400787681 /* TrackerStore.swift */ = {isa = PBXFileReference; lastKnownFileType = sourcecode.swift; path = TrackerStore.swift; sourceTree = "<group>"; };
		7C95DD392B74A35300787681 /* TrackerCategoryStore.swift */ = {isa = PBXFileReference; lastKnownFileType = sourcecode.swift; path = TrackerCategoryStore.swift; sourceTree = "<group>"; };
		7C95DD3B2B74A37900787681 /* TrackerRecordStore.swift */ = {isa = PBXFileReference; lastKnownFileType = sourcecode.swift; path = TrackerRecordStore.swift; sourceTree = "<group>"; };
		7C95DD3D2B74A40000787681 /* UIColorMarshalling.swift */ = {isa = PBXFileReference; lastKnownFileType = sourcecode.swift; path = UIColorMarshalling.swift; sourceTree = "<group>"; };
		7C95DD402B74A57C00787681 /* CoreData Errors.swift */ = {isa = PBXFileReference; lastKnownFileType = sourcecode.swift; path = "CoreData Errors.swift"; sourceTree = "<group>"; };
		7C95DD602B768B5E00787681 /* TrackersCategoryStoreUpdate.swift */ = {isa = PBXFileReference; lastKnownFileType = sourcecode.swift; path = TrackersCategoryStoreUpdate.swift; sourceTree = "<group>"; };
		7C95DD892B7CE69F00787681 /* ArrayMarshalling.swift */ = {isa = PBXFileReference; lastKnownFileType = sourcecode.swift; path = ArrayMarshalling.swift; sourceTree = "<group>"; };
		7C95DE0C2B860C6A00787681 /* OnboardingPageViewController.swift */ = {isa = PBXFileReference; lastKnownFileType = sourcecode.swift; path = OnboardingPageViewController.swift; sourceTree = "<group>"; };
		7C95DE0F2B860C9A00787681 /* OnboardingPageViewControllerDelegate.swift */ = {isa = PBXFileReference; lastKnownFileType = sourcecode.swift; path = OnboardingPageViewControllerDelegate.swift; sourceTree = "<group>"; };
		7C95DE112B860D3100787681 /* OnboardingViewController.swift */ = {isa = PBXFileReference; lastKnownFileType = sourcecode.swift; path = OnboardingViewController.swift; sourceTree = "<group>"; };
		7CA997192B5973EA003849F8 /* EventTypeViewController.swift */ = {isa = PBXFileReference; lastKnownFileType = sourcecode.swift; path = EventTypeViewController.swift; sourceTree = "<group>"; };
		7CA9971D2B5A59ED003849F8 /* TypeEvents.swift */ = {isa = PBXFileReference; lastKnownFileType = sourcecode.swift; path = TypeEvents.swift; sourceTree = "<group>"; };
		7CA9973F2B5ABB27003849F8 /* EmojiCollectionViewCell.swift */ = {isa = PBXFileReference; lastKnownFileType = sourcecode.swift; path = EmojiCollectionViewCell.swift; sourceTree = "<group>"; };
		7CA997412B5AC7F2003849F8 /* ColorsCollectionViewCell.swift */ = {isa = PBXFileReference; lastKnownFileType = sourcecode.swift; path = ColorsCollectionViewCell.swift; sourceTree = "<group>"; };
		7CA997432B5F9E67003849F8 /* GeometricParamsCollectionView.swift */ = {isa = PBXFileReference; lastKnownFileType = sourcecode.swift; path = GeometricParamsCollectionView.swift; sourceTree = "<group>"; };
		7CA997652B5FE9F2003849F8 /* TrackerCollectionViewCellDelegate.swift */ = {isa = PBXFileReference; lastKnownFileType = sourcecode.swift; path = TrackerCollectionViewCellDelegate.swift; sourceTree = "<group>"; };
		7CF780932B67D6B3006F68A1 /* UIDatePicker+Extension.swift */ = {isa = PBXFileReference; lastKnownFileType = sourcecode.swift; path = "UIDatePicker+Extension.swift"; sourceTree = "<group>"; };
		7CF780B52B6A94A1006F68A1 /* TrackersCategoriesViewController.swift */ = {isa = PBXFileReference; lastKnownFileType = sourcecode.swift; path = TrackersCategoriesViewController.swift; sourceTree = "<group>"; };
		7CF780B72B6A9521006F68A1 /* Router.swift */ = {isa = PBXFileReference; lastKnownFileType = sourcecode.swift; path = Router.swift; sourceTree = "<group>"; };
		7CF780B92B6A972A006F68A1 /* RouterProtocol.swift */ = {isa = PBXFileReference; lastKnownFileType = sourcecode.swift; path = RouterProtocol.swift; sourceTree = "<group>"; };
		7CF780BC2B6B7FE9006F68A1 /* CategoriesTypeTableViewCell.swift */ = {isa = PBXFileReference; lastKnownFileType = sourcecode.swift; path = CategoriesTypeTableViewCell.swift; sourceTree = "<group>"; };
		7CF780BE2B6B90D9006F68A1 /* NewTrackerViewControllerDelegate.swift */ = {isa = PBXFileReference; lastKnownFileType = sourcecode.swift; path = NewTrackerViewControllerDelegate.swift; sourceTree = "<group>"; };
		841C34022B6E874600B2F890 /* NewTrackerViewCell.swift */ = {isa = PBXFileReference; fileEncoding = 4; lastKnownFileType = sourcecode.swift; path = NewTrackerViewCell.swift; sourceTree = "<group>"; };
		841C34032B6E874600B2F890 /* NewTrackerViewController.swift */ = {isa = PBXFileReference; fileEncoding = 4; lastKnownFileType = sourcecode.swift; path = NewTrackerViewController.swift; sourceTree = "<group>"; };
		846CD2FD2B66827F005B9724 /* WeekDays.swift */ = {isa = PBXFileReference; lastKnownFileType = sourcecode.swift; path = WeekDays.swift; sourceTree = "<group>"; };
		846CD2FF2B6682B6005B9724 /* TimeSheetViewController.swift */ = {isa = PBXFileReference; lastKnownFileType = sourcecode.swift; path = TimeSheetViewController.swift; sourceTree = "<group>"; };
		846CD3022B66835F005B9724 /* TimeSheetTableViewCell.swift */ = {isa = PBXFileReference; lastKnownFileType = sourcecode.swift; path = TimeSheetTableViewCell.swift; sourceTree = "<group>"; };
		846CD3042B6683A6005B9724 /* TimeSheetCellDelegate.swift */ = {isa = PBXFileReference; lastKnownFileType = sourcecode.swift; path = TimeSheetCellDelegate.swift; sourceTree = "<group>"; };
		846CD3062B668BBC005B9724 /* TrackersViewControllerDelegate.swift */ = {isa = PBXFileReference; lastKnownFileType = sourcecode.swift; path = TrackersViewControllerDelegate.swift; sourceTree = "<group>"; };
		84CC80372B7254BD0075F606 /* TrackerCoreDataModel.xcdatamodel */ = {isa = PBXFileReference; lastKnownFileType = wrapper.xcdatamodel; path = TrackerCoreDataModel.xcdatamodel; sourceTree = "<group>"; };
		84CF9ED92B4DA568006FD446 /* Tracker.app */ = {isa = PBXFileReference; explicitFileType = wrapper.application; includeInIndex = 0; path = Tracker.app; sourceTree = BUILT_PRODUCTS_DIR; };
		84CF9EDC2B4DA568006FD446 /* AppDelegate.swift */ = {isa = PBXFileReference; lastKnownFileType = sourcecode.swift; path = AppDelegate.swift; sourceTree = "<group>"; };
		84CF9EDE2B4DA568006FD446 /* SceneDelegate.swift */ = {isa = PBXFileReference; lastKnownFileType = sourcecode.swift; path = SceneDelegate.swift; sourceTree = "<group>"; };
		84CF9EE02B4DA568006FD446 /* TabBarController.swift */ = {isa = PBXFileReference; lastKnownFileType = sourcecode.swift; path = TabBarController.swift; sourceTree = "<group>"; };
		84CF9EE52B4DA56A006FD446 /* Assets.xcassets */ = {isa = PBXFileReference; lastKnownFileType = folder.assetcatalog; path = Assets.xcassets; sourceTree = "<group>"; };
		84CF9EE82B4DA56A006FD446 /* Base */ = {isa = PBXFileReference; lastKnownFileType = file.storyboard; name = Base; path = Base.lproj/LaunchScreen.storyboard; sourceTree = "<group>"; };
		84CF9EEA2B4DA56A006FD446 /* Info.plist */ = {isa = PBXFileReference; lastKnownFileType = text.plist.xml; path = Info.plist; sourceTree = "<group>"; };
		84CF9EF02B4DAD6D006FD446 /* UIColors+Extensions.swift */ = {isa = PBXFileReference; lastKnownFileType = sourcecode.swift; path = "UIColors+Extensions.swift"; sourceTree = "<group>"; };
		84CF9EF72B4DB6C4006FD446 /* TrackersViewController.swift */ = {isa = PBXFileReference; lastKnownFileType = sourcecode.swift; path = TrackersViewController.swift; sourceTree = "<group>"; };
		84CF9EF92B4DB6EE006FD446 /* StatisticsViewController.swift */ = {isa = PBXFileReference; lastKnownFileType = sourcecode.swift; path = StatisticsViewController.swift; sourceTree = "<group>"; };
/* End PBXFileReference section */

/* Begin PBXFrameworksBuildPhase section */
		84CF9ED62B4DA568006FD446 /* Frameworks */ = {
			isa = PBXFrameworksBuildPhase;
			buildActionMask = 2147483647;
			files = (
			);
			runOnlyForDeploymentPostprocessing = 0;
		};
/* End PBXFrameworksBuildPhase section */

/* Begin PBXGroup section */
		7C27495A2B6BDAAE00DD808E /* Extentions */ = {
			isa = PBXGroup;
			children = (
				84CF9EF02B4DAD6D006FD446 /* UIColors+Extensions.swift */,
				7CF780932B67D6B3006F68A1 /* UIDatePicker+Extension.swift */,
				7C3062BA2B503C2A007516ED /* String+Extensions.swift */,
				7C6E60202B4E96C1008A6011 /* UIFonts+Extentions.swift */,
			);
			path = Extentions;
			sourceTree = "<group>";
		};
		7C27495B2B6BDB0C00DD808E /* Router */ = {
			isa = PBXGroup;
			children = (
				7CF780B92B6A972A006F68A1 /* RouterProtocol.swift */,
				7CF780B72B6A9521006F68A1 /* Router.swift */,
			);
			path = Router;
			sourceTree = "<group>";
		};
		7C2749602B6F690A00DD808E /* Storage */ = {
			isa = PBXGroup;
			children = (
				7C27495C2B6F5C5500DD808E /* UserDefaultsStorage.swift */,
				7C27495E2B6F5CA800DD808E /* UserDefaultsStorageProtocol.swift */,
			);
			path = Storage;
			sourceTree = "<group>";
		};
		7C3062A72B4F12A8007516ED /* Models */ = {
			isa = PBXGroup;
			children = (
				7C3062A82B4F12C0007516ED /* TrackerModel.swift */,
				7C3062AA2B4F1489007516ED /* TrackerCategory.swift */,
				7C3062AF2B4F162D007516ED /* TrackerRecord.swift */,
			);
			path = Models;
			sourceTree = "<group>";
		};
		7C95DD382B74A31400787681 /* Domain */ = {
			isa = PBXGroup;
			children = (
				7C95DD362B74A30400787681 /* TrackerStore.swift */,
				7C95DD392B74A35300787681 /* TrackerCategoryStore.swift */,
				7C95DD3B2B74A37900787681 /* TrackerRecordStore.swift */,
			);
			path = Domain;
			sourceTree = "<group>";
		};
		7C95DD3F2B74A40600787681 /* CoreDataHelpers */ = {
			isa = PBXGroup;
			children = (
				7C95DD3D2B74A40000787681 /* UIColorMarshalling.swift */,
				7C95DD892B7CE69F00787681 /* ArrayMarshalling.swift */,
				7C95DD402B74A57C00787681 /* CoreData Errors.swift */,
				7C95DD602B768B5E00787681 /* TrackersCategoryStoreUpdate.swift */,
			);
			path = CoreDataHelpers;
			sourceTree = "<group>";
		};
		7C95DE0E2B860C7000787681 /* Onboarding */ = {
			isa = PBXGroup;
			children = (
				7C95DE112B860D3100787681 /* OnboardingViewController.swift */,
				7C95DE0C2B860C6A00787681 /* OnboardingPageViewController.swift */,
				7C95DE0F2B860C9A00787681 /* OnboardingPageViewControllerDelegate.swift */,
			);
			path = Onboarding;
			sourceTree = "<group>";
		};
		7CA997182B597358003849F8 /* CreateNewTracker */ = {
			isa = PBXGroup;
			children = (
				841C34032B6E874600B2F890 /* NewTrackerViewController.swift */,
				841C34022B6E874600B2F890 /* NewTrackerViewCell.swift */,
				7CF780BE2B6B90D9006F68A1 /* NewTrackerViewControllerDelegate.swift */,
				7CA997192B5973EA003849F8 /* EventTypeViewController.swift */,
				7CA9973F2B5ABB27003849F8 /* EmojiCollectionViewCell.swift */,
				7CA997412B5AC7F2003849F8 /* ColorsCollectionViewCell.swift */,
				7CF780BB2B6A99C9006F68A1 /* TrackersCategories */,
				846CD3012B668321005B9724 /* TimeSheet */,
			);
			path = CreateNewTracker;
			sourceTree = "<group>";
		};
		7CF780BB2B6A99C9006F68A1 /* TrackersCategories */ = {
			isa = PBXGroup;
			children = (
				7CF780B52B6A94A1006F68A1 /* TrackersCategoriesViewController.swift */,
				7CF780BC2B6B7FE9006F68A1 /* CategoriesTypeTableViewCell.swift */,
			);
			path = TrackersCategories;
			sourceTree = "<group>";
		};
		846CD3012B668321005B9724 /* TimeSheet */ = {
			isa = PBXGroup;
			children = (
				846CD2FF2B6682B6005B9724 /* TimeSheetViewController.swift */,
				846CD3022B66835F005B9724 /* TimeSheetTableViewCell.swift */,
				846CD3042B6683A6005B9724 /* TimeSheetCellDelegate.swift */,
			);
			path = TimeSheet;
			sourceTree = "<group>";
		};
		84CC80392B7254C10075F606 /* Core Data */ = {
			isa = PBXGroup;
			children = (
				84CC80362B7254BD0075F606 /* TrackerCoreDataModel.xcdatamodeld */,
			);
			path = "Core Data";
			sourceTree = "<group>";
		};
		84CF9ED02B4DA568006FD446 = {
			isa = PBXGroup;
			children = (
				84CF9EDB2B4DA568006FD446 /* Tracker */,
				84CF9EDA2B4DA568006FD446 /* Products */,
			);
			sourceTree = "<group>";
		};
		84CF9EDA2B4DA568006FD446 /* Products */ = {
			isa = PBXGroup;
			children = (
				84CF9ED92B4DA568006FD446 /* Tracker.app */,
			);
			name = Products;
			sourceTree = "<group>";
		};
		84CF9EDB2B4DA568006FD446 /* Tracker */ = {
			isa = PBXGroup;
			children = (
				84CF9EDC2B4DA568006FD446 /* AppDelegate.swift */,
				84CF9EDE2B4DA568006FD446 /* SceneDelegate.swift */,
				84CF9EE02B4DA568006FD446 /* TabBarController.swift */,
				7C95DE0E2B860C7000787681 /* Onboarding */,
				84CF9EF32B4DB54E006FD446 /* Trackers */,
				7CA997182B597358003849F8 /* CreateNewTracker */,
				84CF9EF42B4DB663006FD446 /* Statistics View */,
				7C27495B2B6BDB0C00DD808E /* Router */,
				7C3062A72B4F12A8007516ED /* Models */,
				7C95DD382B74A31400787681 /* Domain */,
				84CC80392B7254C10075F606 /* Core Data */,
				84CF9EF22B4DAD72006FD446 /* Helpers */,
				84CF9EE72B4DA56A006FD446 /* LaunchScreen.storyboard */,
				84CF9EE52B4DA56A006FD446 /* Assets.xcassets */,
				84CF9EEA2B4DA56A006FD446 /* Info.plist */,
			);
			path = Tracker;
			sourceTree = "<group>";
		};
		84CF9EF22B4DAD72006FD446 /* Helpers */ = {
			isa = PBXGroup;
			children = (
				7C27495A2B6BDAAE00DD808E /* Extentions */,
				7CA997432B5F9E67003849F8 /* GeometricParamsCollectionView.swift */,
				846CD2FD2B66827F005B9724 /* WeekDays.swift */,
				7CA9971D2B5A59ED003849F8 /* TypeEvents.swift */,
				7C95DD3F2B74A40600787681 /* CoreDataHelpers */,
				7C2749602B6F690A00DD808E /* Storage */,
			);
			path = Helpers;
			sourceTree = "<group>";
		};
		84CF9EF32B4DB54E006FD446 /* Trackers */ = {
			isa = PBXGroup;
			children = (
				84CF9EF72B4DB6C4006FD446 /* TrackersViewController.swift */,
				846CD3062B668BBC005B9724 /* TrackersViewControllerDelegate.swift */,
				7C3062B12B50308B007516ED /* TrackerCollectionViewCell.swift */,
				7CA997652B5FE9F2003849F8 /* TrackerCollectionViewCellDelegate.swift */,
				7C3062B62B5038BF007516ED /* TrackerHeaderView.swift */,
			);
			path = Trackers;
			sourceTree = "<group>";
		};
		84CF9EF42B4DB663006FD446 /* Statistics View */ = {
			isa = PBXGroup;
			children = (
				84CF9EF92B4DB6EE006FD446 /* StatisticsViewController.swift */,
			);
			path = "Statistics View";
			sourceTree = "<group>";
		};
/* End PBXGroup section */

/* Begin PBXNativeTarget section */
		84CF9ED82B4DA568006FD446 /* Tracker */ = {
			isa = PBXNativeTarget;
			buildConfigurationList = 84CF9EED2B4DA56A006FD446 /* Build configuration list for PBXNativeTarget "Tracker" */;
			buildPhases = (
				84CF9ED52B4DA568006FD446 /* Sources */,
				84CF9ED62B4DA568006FD446 /* Frameworks */,
				84CF9ED72B4DA568006FD446 /* Resources */,
			);
			buildRules = (
			);
			dependencies = (
			);
			name = Tracker;
			productName = Tracker;
			productReference = 84CF9ED92B4DA568006FD446 /* Tracker.app */;
			productType = "com.apple.product-type.application";
		};
/* End PBXNativeTarget section */

/* Begin PBXProject section */
		84CF9ED12B4DA568006FD446 /* Project object */ = {
			isa = PBXProject;
			attributes = {
				BuildIndependentTargetsInParallel = 1;
				LastSwiftUpdateCheck = 1510;
				LastUpgradeCheck = 1510;
				TargetAttributes = {
					84CF9ED82B4DA568006FD446 = {
						CreatedOnToolsVersion = 15.1;
					};
				};
			};
			buildConfigurationList = 84CF9ED42B4DA568006FD446 /* Build configuration list for PBXProject "Tracker" */;
			compatibilityVersion = "Xcode 14.0";
			developmentRegion = en;
			hasScannedForEncodings = 0;
			knownRegions = (
				en,
				Base,
			);
			mainGroup = 84CF9ED02B4DA568006FD446;
			productRefGroup = 84CF9EDA2B4DA568006FD446 /* Products */;
			projectDirPath = "";
			projectRoot = "";
			targets = (
				84CF9ED82B4DA568006FD446 /* Tracker */,
			);
		};
/* End PBXProject section */

/* Begin PBXResourcesBuildPhase section */
		84CF9ED72B4DA568006FD446 /* Resources */ = {
			isa = PBXResourcesBuildPhase;
			buildActionMask = 2147483647;
			files = (
				84CF9EE92B4DA56A006FD446 /* LaunchScreen.storyboard in Resources */,
				84CF9EE62B4DA56A006FD446 /* Assets.xcassets in Resources */,
			);
			runOnlyForDeploymentPostprocessing = 0;
		};
/* End PBXResourcesBuildPhase section */

/* Begin PBXSourcesBuildPhase section */
		84CF9ED52B4DA568006FD446 /* Sources */ = {
			isa = PBXSourcesBuildPhase;
			buildActionMask = 2147483647;
			files = (
				846CD2FE2B66827F005B9724 /* WeekDays.swift in Sources */,
				7C95DD612B768B5E00787681 /* TrackersCategoryStoreUpdate.swift in Sources */,
				7C95DD3C2B74A37900787681 /* TrackerRecordStore.swift in Sources */,
				7C95DD8A2B7CE69F00787681 /* ArrayMarshalling.swift in Sources */,
				7C95DD3A2B74A35300787681 /* TrackerCategoryStore.swift in Sources */,
				7C3062AB2B4F1489007516ED /* TrackerCategory.swift in Sources */,
				7C95DD372B74A30400787681 /* TrackerStore.swift in Sources */,
				7C95DE122B860D3100787681 /* OnboardingViewController.swift in Sources */,
				7CF780BF2B6B90D9006F68A1 /* NewTrackerViewControllerDelegate.swift in Sources */,
				7CA997422B5AC7F2003849F8 /* ColorsCollectionViewCell.swift in Sources */,
				7C95DD3E2B74A40000787681 /* UIColorMarshalling.swift in Sources */,
				7C95DD412B74A57C00787681 /* CoreData Errors.swift in Sources */,
				84CF9EF82B4DB6C4006FD446 /* TrackersViewController.swift in Sources */,
				7CF780B62B6A94A1006F68A1 /* TrackersCategoriesViewController.swift in Sources */,
				846CD3032B66835F005B9724 /* TimeSheetTableViewCell.swift in Sources */,
				7CA9971E2B5A59ED003849F8 /* TypeEvents.swift in Sources */,
				7CA997662B5FE9F2003849F8 /* TrackerCollectionViewCellDelegate.swift in Sources */,
				7CA997442B5F9E67003849F8 /* GeometricParamsCollectionView.swift in Sources */,
				84CF9EE12B4DA568006FD446 /* TabBarController.swift in Sources */,
				846CD3052B6683A6005B9724 /* TimeSheetCellDelegate.swift in Sources */,
				7C6E60212B4E96C1008A6011 /* UIFonts+Extentions.swift in Sources */,
				7CA9971A2B5973EA003849F8 /* EventTypeViewController.swift in Sources */,
				7C27495D2B6F5C5500DD808E /* UserDefaultsStorage.swift in Sources */,
				841C34042B6E874600B2F890 /* NewTrackerViewCell.swift in Sources */,
				7C27495F2B6F5CA800DD808E /* UserDefaultsStorageProtocol.swift in Sources */,
				84CF9EDD2B4DA568006FD446 /* AppDelegate.swift in Sources */,
				841C34052B6E874600B2F890 /* NewTrackerViewController.swift in Sources */,
				846CD3002B6682B6005B9724 /* TimeSheetViewController.swift in Sources */,
				7CA997402B5ABB27003849F8 /* EmojiCollectionViewCell.swift in Sources */,
				7C3062B22B50308B007516ED /* TrackerCollectionViewCell.swift in Sources */,
				7C3062B02B4F162D007516ED /* TrackerRecord.swift in Sources */,
				7C3062A92B4F12C0007516ED /* TrackerModel.swift in Sources */,
				7CF780BA2B6A972A006F68A1 /* RouterProtocol.swift in Sources */,
				7CF780BD2B6B7FE9006F68A1 /* CategoriesTypeTableViewCell.swift in Sources */,
				7C3062BB2B503C2A007516ED /* String+Extensions.swift in Sources */,
				7C3062B72B5038BF007516ED /* TrackerHeaderView.swift in Sources */,
				7C95DE102B860C9A00787681 /* OnboardingPageViewControllerDelegate.swift in Sources */,
				7CF780942B67D6B3006F68A1 /* UIDatePicker+Extension.swift in Sources */,
				84CF9EFA2B4DB6EE006FD446 /* StatisticsViewController.swift in Sources */,
				7CF780B82B6A9521006F68A1 /* Router.swift in Sources */,
				84CF9EDF2B4DA568006FD446 /* SceneDelegate.swift in Sources */,
				846CD3072B668BBC005B9724 /* TrackersViewControllerDelegate.swift in Sources */,
				7C95DE0D2B860C6A00787681 /* OnboardingPageViewController.swift in Sources */,
				84CF9EF12B4DAD6D006FD446 /* UIColors+Extensions.swift in Sources */,
				84CC80382B7254BD0075F606 /* TrackerCoreDataModel.xcdatamodeld in Sources */,
			);
			runOnlyForDeploymentPostprocessing = 0;
		};
/* End PBXSourcesBuildPhase section */

/* Begin PBXVariantGroup section */
		84CF9EE72B4DA56A006FD446 /* LaunchScreen.storyboard */ = {
			isa = PBXVariantGroup;
			children = (
				84CF9EE82B4DA56A006FD446 /* Base */,
			);
			name = LaunchScreen.storyboard;
			sourceTree = "<group>";
		};
/* End PBXVariantGroup section */

/* Begin XCBuildConfiguration section */
		84CF9EEB2B4DA56A006FD446 /* Debug */ = {
			isa = XCBuildConfiguration;
			buildSettings = {
				ALWAYS_SEARCH_USER_PATHS = NO;
				ASSETCATALOG_COMPILER_GENERATE_SWIFT_ASSET_SYMBOL_EXTENSIONS = YES;
				CLANG_ANALYZER_NONNULL = YES;
				CLANG_ANALYZER_NUMBER_OBJECT_CONVERSION = YES_AGGRESSIVE;
				CLANG_CXX_LANGUAGE_STANDARD = "gnu++20";
				CLANG_ENABLE_MODULES = YES;
				CLANG_ENABLE_OBJC_ARC = YES;
				CLANG_ENABLE_OBJC_WEAK = YES;
				CLANG_WARN_BLOCK_CAPTURE_AUTORELEASING = YES;
				CLANG_WARN_BOOL_CONVERSION = YES;
				CLANG_WARN_COMMA = YES;
				CLANG_WARN_CONSTANT_CONVERSION = YES;
				CLANG_WARN_DEPRECATED_OBJC_IMPLEMENTATIONS = YES;
				CLANG_WARN_DIRECT_OBJC_ISA_USAGE = YES_ERROR;
				CLANG_WARN_DOCUMENTATION_COMMENTS = YES;
				CLANG_WARN_EMPTY_BODY = YES;
				CLANG_WARN_ENUM_CONVERSION = YES;
				CLANG_WARN_INFINITE_RECURSION = YES;
				CLANG_WARN_INT_CONVERSION = YES;
				CLANG_WARN_NON_LITERAL_NULL_CONVERSION = YES;
				CLANG_WARN_OBJC_IMPLICIT_RETAIN_SELF = YES;
				CLANG_WARN_OBJC_LITERAL_CONVERSION = YES;
				CLANG_WARN_OBJC_ROOT_CLASS = YES_ERROR;
				CLANG_WARN_QUOTED_INCLUDE_IN_FRAMEWORK_HEADER = YES;
				CLANG_WARN_RANGE_LOOP_ANALYSIS = YES;
				CLANG_WARN_STRICT_PROTOTYPES = YES;
				CLANG_WARN_SUSPICIOUS_MOVE = YES;
				CLANG_WARN_UNGUARDED_AVAILABILITY = YES_AGGRESSIVE;
				CLANG_WARN_UNREACHABLE_CODE = YES;
				CLANG_WARN__DUPLICATE_METHOD_MATCH = YES;
				COPY_PHASE_STRIP = NO;
				DEBUG_INFORMATION_FORMAT = dwarf;
				ENABLE_STRICT_OBJC_MSGSEND = YES;
				ENABLE_TESTABILITY = YES;
				ENABLE_USER_SCRIPT_SANDBOXING = YES;
				GCC_C_LANGUAGE_STANDARD = gnu17;
				GCC_DYNAMIC_NO_PIC = NO;
				GCC_NO_COMMON_BLOCKS = YES;
				GCC_OPTIMIZATION_LEVEL = 0;
				GCC_PREPROCESSOR_DEFINITIONS = (
					"DEBUG=1",
					"$(inherited)",
				);
				GCC_WARN_64_TO_32_BIT_CONVERSION = YES;
				GCC_WARN_ABOUT_RETURN_TYPE = YES_ERROR;
				GCC_WARN_UNDECLARED_SELECTOR = YES;
				GCC_WARN_UNINITIALIZED_AUTOS = YES_AGGRESSIVE;
				GCC_WARN_UNUSED_FUNCTION = YES;
				GCC_WARN_UNUSED_VARIABLE = YES;
				IPHONEOS_DEPLOYMENT_TARGET = 17.2;
				LOCALIZATION_PREFERS_STRING_CATALOGS = YES;
				MTL_ENABLE_DEBUG_INFO = INCLUDE_SOURCE;
				MTL_FAST_MATH = YES;
				ONLY_ACTIVE_ARCH = YES;
				SDKROOT = iphoneos;
				SWIFT_ACTIVE_COMPILATION_CONDITIONS = "DEBUG $(inherited)";
				SWIFT_OPTIMIZATION_LEVEL = "-Onone";
			};
			name = Debug;
		};
		84CF9EEC2B4DA56A006FD446 /* Release */ = {
			isa = XCBuildConfiguration;
			buildSettings = {
				ALWAYS_SEARCH_USER_PATHS = NO;
				ASSETCATALOG_COMPILER_GENERATE_SWIFT_ASSET_SYMBOL_EXTENSIONS = YES;
				CLANG_ANALYZER_NONNULL = YES;
				CLANG_ANALYZER_NUMBER_OBJECT_CONVERSION = YES_AGGRESSIVE;
				CLANG_CXX_LANGUAGE_STANDARD = "gnu++20";
				CLANG_ENABLE_MODULES = YES;
				CLANG_ENABLE_OBJC_ARC = YES;
				CLANG_ENABLE_OBJC_WEAK = YES;
				CLANG_WARN_BLOCK_CAPTURE_AUTORELEASING = YES;
				CLANG_WARN_BOOL_CONVERSION = YES;
				CLANG_WARN_COMMA = YES;
				CLANG_WARN_CONSTANT_CONVERSION = YES;
				CLANG_WARN_DEPRECATED_OBJC_IMPLEMENTATIONS = YES;
				CLANG_WARN_DIRECT_OBJC_ISA_USAGE = YES_ERROR;
				CLANG_WARN_DOCUMENTATION_COMMENTS = YES;
				CLANG_WARN_EMPTY_BODY = YES;
				CLANG_WARN_ENUM_CONVERSION = YES;
				CLANG_WARN_INFINITE_RECURSION = YES;
				CLANG_WARN_INT_CONVERSION = YES;
				CLANG_WARN_NON_LITERAL_NULL_CONVERSION = YES;
				CLANG_WARN_OBJC_IMPLICIT_RETAIN_SELF = YES;
				CLANG_WARN_OBJC_LITERAL_CONVERSION = YES;
				CLANG_WARN_OBJC_ROOT_CLASS = YES_ERROR;
				CLANG_WARN_QUOTED_INCLUDE_IN_FRAMEWORK_HEADER = YES;
				CLANG_WARN_RANGE_LOOP_ANALYSIS = YES;
				CLANG_WARN_STRICT_PROTOTYPES = YES;
				CLANG_WARN_SUSPICIOUS_MOVE = YES;
				CLANG_WARN_UNGUARDED_AVAILABILITY = YES_AGGRESSIVE;
				CLANG_WARN_UNREACHABLE_CODE = YES;
				CLANG_WARN__DUPLICATE_METHOD_MATCH = YES;
				COPY_PHASE_STRIP = NO;
				DEBUG_INFORMATION_FORMAT = "dwarf-with-dsym";
				ENABLE_NS_ASSERTIONS = NO;
				ENABLE_STRICT_OBJC_MSGSEND = YES;
				ENABLE_USER_SCRIPT_SANDBOXING = YES;
				GCC_C_LANGUAGE_STANDARD = gnu17;
				GCC_NO_COMMON_BLOCKS = YES;
				GCC_WARN_64_TO_32_BIT_CONVERSION = YES;
				GCC_WARN_ABOUT_RETURN_TYPE = YES_ERROR;
				GCC_WARN_UNDECLARED_SELECTOR = YES;
				GCC_WARN_UNINITIALIZED_AUTOS = YES_AGGRESSIVE;
				GCC_WARN_UNUSED_FUNCTION = YES;
				GCC_WARN_UNUSED_VARIABLE = YES;
				IPHONEOS_DEPLOYMENT_TARGET = 17.2;
				LOCALIZATION_PREFERS_STRING_CATALOGS = YES;
				MTL_ENABLE_DEBUG_INFO = NO;
				MTL_FAST_MATH = YES;
				SDKROOT = iphoneos;
				SWIFT_COMPILATION_MODE = wholemodule;
				VALIDATE_PRODUCT = YES;
			};
			name = Release;
		};
		84CF9EEE2B4DA56A006FD446 /* Debug */ = {
			isa = XCBuildConfiguration;
			buildSettings = {
				ASSETCATALOG_COMPILER_APPICON_NAME = AppIcon;
				ASSETCATALOG_COMPILER_GLOBAL_ACCENT_COLOR_NAME = AccentColor;
				CODE_SIGN_STYLE = Automatic;
				CURRENT_PROJECT_VERSION = 1;
				GENERATE_INFOPLIST_FILE = YES;
				INFOPLIST_FILE = Tracker/Info.plist;
				INFOPLIST_KEY_UIApplicationSupportsIndirectInputEvents = YES;
				INFOPLIST_KEY_UILaunchStoryboardName = LaunchScreen.storyboard;
				INFOPLIST_KEY_UISupportedInterfaceOrientations = UIInterfaceOrientationPortrait;
				INFOPLIST_KEY_UISupportedInterfaceOrientations_iPad = "UIInterfaceOrientationLandscapeLeft UIInterfaceOrientationLandscapeRight UIInterfaceOrientationPortrait UIInterfaceOrientationPortraitUpsideDown";
				IPHONEOS_DEPLOYMENT_TARGET = 13.4;
				LD_RUNPATH_SEARCH_PATHS = (
					"$(inherited)",
					"@executable_path/Frameworks",
				);
				MARKETING_VERSION = 1.0;
				PRODUCT_BUNDLE_IDENTIFIER = ru.yandex.practicum.Tracker.Tracker;
				PRODUCT_NAME = "$(TARGET_NAME)";
				SUPPORTED_PLATFORMS = "iphoneos iphonesimulator";
				SUPPORTS_MACCATALYST = NO;
				SUPPORTS_MAC_DESIGNED_FOR_IPHONE_IPAD = NO;
				SWIFT_EMIT_LOC_STRINGS = YES;
				SWIFT_VERSION = 5.0;
				TARGETED_DEVICE_FAMILY = 1;
			};
			name = Debug;
		};
		84CF9EEF2B4DA56A006FD446 /* Release */ = {
			isa = XCBuildConfiguration;
			buildSettings = {
				ASSETCATALOG_COMPILER_APPICON_NAME = AppIcon;
				ASSETCATALOG_COMPILER_GLOBAL_ACCENT_COLOR_NAME = AccentColor;
				CODE_SIGN_STYLE = Automatic;
				CURRENT_PROJECT_VERSION = 1;
				GENERATE_INFOPLIST_FILE = YES;
				INFOPLIST_FILE = Tracker/Info.plist;
				INFOPLIST_KEY_UIApplicationSupportsIndirectInputEvents = YES;
				INFOPLIST_KEY_UILaunchStoryboardName = LaunchScreen.storyboard;
				INFOPLIST_KEY_UISupportedInterfaceOrientations = UIInterfaceOrientationPortrait;
				INFOPLIST_KEY_UISupportedInterfaceOrientations_iPad = "UIInterfaceOrientationLandscapeLeft UIInterfaceOrientationLandscapeRight UIInterfaceOrientationPortrait UIInterfaceOrientationPortraitUpsideDown";
				IPHONEOS_DEPLOYMENT_TARGET = 13.4;
				LD_RUNPATH_SEARCH_PATHS = (
					"$(inherited)",
					"@executable_path/Frameworks",
				);
				MARKETING_VERSION = 1.0;
				PRODUCT_BUNDLE_IDENTIFIER = ru.yandex.practicum.Tracker.Tracker;
				PRODUCT_NAME = "$(TARGET_NAME)";
				SUPPORTED_PLATFORMS = "iphoneos iphonesimulator";
				SUPPORTS_MACCATALYST = NO;
				SUPPORTS_MAC_DESIGNED_FOR_IPHONE_IPAD = NO;
				SWIFT_EMIT_LOC_STRINGS = YES;
				SWIFT_VERSION = 5.0;
				TARGETED_DEVICE_FAMILY = 1;
			};
			name = Release;
		};
/* End XCBuildConfiguration section */

/* Begin XCConfigurationList section */
		84CF9ED42B4DA568006FD446 /* Build configuration list for PBXProject "Tracker" */ = {
			isa = XCConfigurationList;
			buildConfigurations = (
				84CF9EEB2B4DA56A006FD446 /* Debug */,
				84CF9EEC2B4DA56A006FD446 /* Release */,
			);
			defaultConfigurationIsVisible = 0;
			defaultConfigurationName = Release;
		};
		84CF9EED2B4DA56A006FD446 /* Build configuration list for PBXNativeTarget "Tracker" */ = {
			isa = XCConfigurationList;
			buildConfigurations = (
				84CF9EEE2B4DA56A006FD446 /* Debug */,
				84CF9EEF2B4DA56A006FD446 /* Release */,
			);
			defaultConfigurationIsVisible = 0;
			defaultConfigurationName = Release;
		};
/* End XCConfigurationList section */

/* Begin XCVersionGroup section */
		84CC80362B7254BD0075F606 /* TrackerCoreDataModel.xcdatamodeld */ = {
			isa = XCVersionGroup;
			children = (
				84CC80372B7254BD0075F606 /* TrackerCoreDataModel.xcdatamodel */,
			);
			currentVersion = 84CC80372B7254BD0075F606 /* TrackerCoreDataModel.xcdatamodel */;
			path = TrackerCoreDataModel.xcdatamodeld;
			sourceTree = "<group>";
			versionGroupType = wrapper.xcdatamodel;
		};
/* End XCVersionGroup section */
	};
	rootObject = 84CF9ED12B4DA568006FD446 /* Project object */;
}
